
Microsoft Visual Studio Solution File, Format Version 12.00
# Visual Studio Version 16
Project("{8BC9CEB8-8B4A-11D0-8D11-00A0C91BC942}") = "ALL_BUILD", "ALL_BUILD.vcxproj", "{54A33BA1-BAC6-3D5D-BE37-4936F839CE36}"
	ProjectSection(ProjectDependencies) = postProject
		{8974DF89-4F1E-3179-B00B-BDCE5A8628FC} = {8974DF89-4F1E-3179-B00B-BDCE5A8628FC}
		{F75B1D73-B52A-3D45-B49F-D6EF3165FD7A} = {F75B1D73-B52A-3D45-B49F-D6EF3165FD7A}
		{7D0ED0EA-69BF-333F-8625-5CF7AA6A8311} = {7D0ED0EA-69BF-333F-8625-5CF7AA6A8311}
		{C27971A9-67F8-361D-82E7-AAF983139E4F} = {C27971A9-67F8-361D-82E7-AAF983139E4F}
		{302D21AD-1D16-3867-915A-B34F95618BEF} = {302D21AD-1D16-3867-915A-B34F95618BEF}
	EndProjectSection
EndProject
Project("{8BC9CEB8-8B4A-11D0-8D11-00A0C91BC942}") = "INSTALL", "INSTALL.vcxproj", "{0332A0F9-C544-3583-A309-1F34EDA23137}"
	ProjectSection(ProjectDependencies) = postProject
		{54A33BA1-BAC6-3D5D-BE37-4936F839CE36} = {54A33BA1-BAC6-3D5D-BE37-4936F839CE36}
		{8974DF89-4F1E-3179-B00B-BDCE5A8628FC} = {8974DF89-4F1E-3179-B00B-BDCE5A8628FC}
	EndProjectSection
EndProject
Project("{8BC9CEB8-8B4A-11D0-8D11-00A0C91BC942}") = "ZERO_CHECK", "ZERO_CHECK.vcxproj", "{8974DF89-4F1E-3179-B00B-BDCE5A8628FC}"
	ProjectSection(ProjectDependencies) = postProject
	EndProjectSection
EndProject
Project("{8BC9CEB8-8B4A-11D0-8D11-00A0C91BC942}") = "cuPhaseRet", "cuPhaseRet.vcxproj", "{F75B1D73-B52A-3D45-B49F-D6EF3165FD7A}"
	ProjectSection(ProjectDependencies) = postProject
		{8974DF89-4F1E-3179-B00B-BDCE5A8628FC} = {8974DF89-4F1E-3179-B00B-BDCE5A8628FC}
	EndProjectSection
EndProject
Project("{8BC9CEB8-8B4A-11D0-8D11-00A0C91BC942}") = "cuPhaseRet_Test", "test\cuPhaseRet_Test.vcxproj", "{7D0ED0EA-69BF-333F-8625-5CF7AA6A8311}"
	ProjectSection(ProjectDependencies) = postProject
		{8974DF89-4F1E-3179-B00B-BDCE5A8628FC} = {8974DF89-4F1E-3179-B00B-BDCE5A8628FC}
	EndProjectSection
EndProject
Project("{8BC9CEB8-8B4A-11D0-8D11-00A0C91BC942}") = "pyExampleScript", "pyExampleScript.vcxproj", "{C27971A9-67F8-361D-82E7-AAF983139E4F}"
	ProjectSection(ProjectDependencies) = postProject
		{8974DF89-4F1E-3179-B00B-BDCE5A8628FC} = {8974DF89-4F1E-3179-B00B-BDCE5A8628FC}
		{F75B1D73-B52A-3D45-B49F-D6EF3165FD7A} = {F75B1D73-B52A-3D45-B49F-D6EF3165FD7A}
	EndProjectSection
EndProject
Project("{8BC9CEB8-8B4A-11D0-8D11-00A0C91BC942}") = "pyTestScript", "test\pyTestScript.vcxproj", "{302D21AD-1D16-3867-915A-B34F95618BEF}"
	ProjectSection(ProjectDependencies) = postProject
		{8974DF89-4F1E-3179-B00B-BDCE5A8628FC} = {8974DF89-4F1E-3179-B00B-BDCE5A8628FC}
		{7D0ED0EA-69BF-333F-8625-5CF7AA6A8311} = {7D0ED0EA-69BF-333F-8625-5CF7AA6A8311}
	EndProjectSection
EndProject
Global
	GlobalSection(SolutionConfigurationPlatforms) = preSolution
		Debug|x64 = Debug|x64
		Release|x64 = Release|x64
		MinSizeRel|x64 = MinSizeRel|x64
		RelWithDebInfo|x64 = RelWithDebInfo|x64
	EndGlobalSection
	GlobalSection(ProjectConfigurationPlatforms) = postSolution
		{54A33BA1-BAC6-3D5D-BE37-4936F839CE36}.Debug|x64.ActiveCfg = Debug|x64
		{54A33BA1-BAC6-3D5D-BE37-4936F839CE36}.Debug|x64.Build.0 = Debug|x64
		{54A33BA1-BAC6-3D5D-BE37-4936F839CE36}.Release|x64.ActiveCfg = Release|x64
		{54A33BA1-BAC6-3D5D-BE37-4936F839CE36}.Release|x64.Build.0 = Release|x64
		{54A33BA1-BAC6-3D5D-BE37-4936F839CE36}.MinSizeRel|x64.ActiveCfg = MinSizeRel|x64
		{54A33BA1-BAC6-3D5D-BE37-4936F839CE36}.MinSizeRel|x64.Build.0 = MinSizeRel|x64
		{54A33BA1-BAC6-3D5D-BE37-4936F839CE36}.RelWithDebInfo|x64.ActiveCfg = RelWithDebInfo|x64
		{54A33BA1-BAC6-3D5D-BE37-4936F839CE36}.RelWithDebInfo|x64.Build.0 = RelWithDebInfo|x64
		{0332A0F9-C544-3583-A309-1F34EDA23137}.Debug|x64.ActiveCfg = Debug|x64
		{0332A0F9-C544-3583-A309-1F34EDA23137}.Release|x64.ActiveCfg = Release|x64
		{0332A0F9-C544-3583-A309-1F34EDA23137}.MinSizeRel|x64.ActiveCfg = MinSizeRel|x64
		{0332A0F9-C544-3583-A309-1F34EDA23137}.RelWithDebInfo|x64.ActiveCfg = RelWithDebInfo|x64
		{8974DF89-4F1E-3179-B00B-BDCE5A8628FC}.Debug|x64.ActiveCfg = Debug|x64
		{8974DF89-4F1E-3179-B00B-BDCE5A8628FC}.Debug|x64.Build.0 = Debug|x64
		{8974DF89-4F1E-3179-B00B-BDCE5A8628FC}.Release|x64.ActiveCfg = Release|x64
		{8974DF89-4F1E-3179-B00B-BDCE5A8628FC}.Release|x64.Build.0 = Release|x64
		{8974DF89-4F1E-3179-B00B-BDCE5A8628FC}.MinSizeRel|x64.ActiveCfg = MinSizeRel|x64
		{8974DF89-4F1E-3179-B00B-BDCE5A8628FC}.MinSizeRel|x64.Build.0 = MinSizeRel|x64
		{8974DF89-4F1E-3179-B00B-BDCE5A8628FC}.RelWithDebInfo|x64.ActiveCfg = RelWithDebInfo|x64
		{8974DF89-4F1E-3179-B00B-BDCE5A8628FC}.RelWithDebInfo|x64.Build.0 = RelWithDebInfo|x64
		{F75B1D73-B52A-3D45-B49F-D6EF3165FD7A}.Debug|x64.ActiveCfg = Debug|x64
		{F75B1D73-B52A-3D45-B49F-D6EF3165FD7A}.Debug|x64.Build.0 = Debug|x64
		{F75B1D73-B52A-3D45-B49F-D6EF3165FD7A}.Release|x64.ActiveCfg = Release|x64
		{F75B1D73-B52A-3D45-B49F-D6EF3165FD7A}.Release|x64.Build.0 = Release|x64
		{F75B1D73-B52A-3D45-B49F-D6EF3165FD7A}.MinSizeRel|x64.ActiveCfg = MinSizeRel|x64
		{F75B1D73-B52A-3D45-B49F-D6EF3165FD7A}.MinSizeRel|x64.Build.0 = MinSizeRel|x64
		{F75B1D73-B52A-3D45-B49F-D6EF3165FD7A}.RelWithDebInfo|x64.ActiveCfg = RelWithDebInfo|x64
		{F75B1D73-B52A-3D45-B49F-D6EF3165FD7A}.RelWithDebInfo|x64.Build.0 = RelWithDebInfo|x64
		{7D0ED0EA-69BF-333F-8625-5CF7AA6A8311}.Debug|x64.ActiveCfg = Debug|x64
		{7D0ED0EA-69BF-333F-8625-5CF7AA6A8311}.Debug|x64.Build.0 = Debug|x64
		{7D0ED0EA-69BF-333F-8625-5CF7AA6A8311}.Release|x64.ActiveCfg = Release|x64
		{7D0ED0EA-69BF-333F-8625-5CF7AA6A8311}.Release|x64.Build.0 = Release|x64
		{7D0ED0EA-69BF-333F-8625-5CF7AA6A8311}.MinSizeRel|x64.ActiveCfg = MinSizeRel|x64
		{7D0ED0EA-69BF-333F-8625-5CF7AA6A8311}.MinSizeRel|x64.Build.0 = MinSizeRel|x64
		{7D0ED0EA-69BF-333F-8625-5CF7AA6A8311}.RelWithDebInfo|x64.ActiveCfg = RelWithDebInfo|x64
		{7D0ED0EA-69BF-333F-8625-5CF7AA6A8311}.RelWithDebInfo|x64.Build.0 = RelWithDebInfo|x64
		{C27971A9-67F8-361D-82E7-AAF983139E4F}.Debug|x64.ActiveCfg = Debug|x64
		{C27971A9-67F8-361D-82E7-AAF983139E4F}.Debug|x64.Build.0 = Debug|x64
		{C27971A9-67F8-361D-82E7-AAF983139E4F}.Release|x64.ActiveCfg = Release|x64
		{C27971A9-67F8-361D-82E7-AAF983139E4F}.Release|x64.Build.0 = Release|x64
		{C27971A9-67F8-361D-82E7-AAF983139E4F}.MinSizeRel|x64.ActiveCfg = MinSizeRel|x64
		{C27971A9-67F8-361D-82E7-AAF983139E4F}.MinSizeRel|x64.Build.0 = MinSizeRel|x64
		{C27971A9-67F8-361D-82E7-AAF983139E4F}.RelWithDebInfo|x64.ActiveCfg = RelWithDebInfo|x64
		{C27971A9-67F8-361D-82E7-AAF983139E4F}.RelWithDebInfo|x64.Build.0 = RelWithDebInfo|x64
		{302D21AD-1D16-3867-915A-B34F95618BEF}.Debug|x64.ActiveCfg = Debug|x64
		{302D21AD-1D16-3867-915A-B34F95618BEF}.Debug|x64.Build.0 = Debug|x64
		{302D21AD-1D16-3867-915A-B34F95618BEF}.Release|x64.ActiveCfg = Release|x64
		{302D21AD-1D16-3867-915A-B34F95618BEF}.Release|x64.Build.0 = Release|x64
		{302D21AD-1D16-3867-915A-B34F95618BEF}.MinSizeRel|x64.ActiveCfg = MinSizeRel|x64
		{302D21AD-1D16-3867-915A-B34F95618BEF}.MinSizeRel|x64.Build.0 = MinSizeRel|x64
		{302D21AD-1D16-3867-915A-B34F95618BEF}.RelWithDebInfo|x64.ActiveCfg = RelWithDebInfo|x64
		{302D21AD-1D16-3867-915A-B34F95618BEF}.RelWithDebInfo|x64.Build.0 = RelWithDebInfo|x64
	EndGlobalSection
	GlobalSection(ExtensibilityGlobals) = postSolution
		SolutionGuid = {C3D4C7B3-0906-3AB7-B14B-4F47CA9D1B8B}
	EndGlobalSection
	GlobalSection(ExtensibilityAddIns) = postSolution
	EndGlobalSection
EndGlobal
