<?xml version="1.0" encoding="utf-8"?>
<Project ToolsVersion="16.0" xmlns="http://schemas.microsoft.com/developer/msbuild/2003">
  <ItemGroup>
    <CustomBuild Include="C:\Users\ASUS\Documents\student_project_python_bindings\cuda_phase-retrieval_class\CMakeFiles\09bd9fc91555c6558c936700651126d9\INSTALL_force.rule">
      <Filter>CMake Rules</Filter>
    </CustomBuild>
  </ItemGroup>
  <ItemGroup>
    <Filter Include="CMake Rules">
      <UniqueIdentifier>{E24A335E-8D8E-35B9-B994-E94FE7D3C0DA}</UniqueIdentifier>
    </Filter>
  </ItemGroup>
</Project>
